
Microsoft Visual Studio Solution File, Format Version 12.00
# Visual Studio Version 17
VisualStudioVersion = 17.5.33516.290
MinimumVisualStudioVersion = 10.0.40219.1
Project("{FAE04EC0-301F-11D3-BF4B-00C04F79EFBC}") = "aiep_numero_par_impar", "aiep_numero_par_impar\aiep_numero_par_impar.csproj", "{B408C427-D4FC-4852-BCEB-6943A48B9749}"
EndProject
Global
	GlobalSection(SolutionConfigurationPlatforms) = preSolution
		Debug|Any CPU = Debug|Any CPU
		Release|Any CPU = Release|Any CPU
	EndGlobalSection
	GlobalSection(ProjectConfigurationPlatforms) = postSolution
		{B408C427-D4FC-4852-BCEB-6943A48B9749}.Debug|Any CPU.ActiveCfg = Debug|Any CPU
		{B408C427-D4FC-4852-BCEB-6943A48B9749}.Debug|Any CPU.Build.0 = Debug|Any CPU
		{B408C427-D4FC-4852-BCEB-6943A48B9749}.Release|Any CPU.ActiveCfg = Release|Any CPU
		{B408C427-D4FC-4852-BCEB-6943A48B9749}.Release|Any CPU.Build.0 = Release|Any CPU
	EndGlobalSection
	GlobalSection(SolutionProperties) = preSolution
		HideSolutionNode = FALSE
	EndGlobalSection
	GlobalSection(ExtensibilityGlobals) = postSolution
		SolutionGuid = {B6FD085C-0952-4257-B23F-EA0B7333F205}
	EndGlobalSection
EndGlobal
